
Microsoft Visual Studio Solution File, Format Version 12.00
# Visual Studio Version 17
VisualStudioVersion = 17.6.33829.357
MinimumVisualStudioVersion = 10.0.40219.1
Project("{FAE04EC0-301F-11D3-BF4B-00C04F79EFBC}") = "Inheritance", "Inheritance\Inheritance.csproj", "{5CC8F252-C4BA-4BB6-9BED-2EC62DF30EC4}"
EndProject
Global
	GlobalSection(SolutionConfigurationPlatforms) = preSolution
		Debug|Any CPU = Debug|Any CPU
		Release|Any CPU = Release|Any CPU
	EndGlobalSection
	GlobalSection(ProjectConfigurationPlatforms) = postSolution
		{5CC8F252-C4BA-4BB6-9BED-2EC62DF30EC4}.Debug|Any CPU.ActiveCfg = Debug|Any CPU
		{5CC8F252-C4BA-4BB6-9BED-2EC62DF30EC4}.Debug|Any CPU.Build.0 = Debug|Any CPU
		{5CC8F252-C4BA-4BB6-9BED-2EC62DF30EC4}.Release|Any CPU.ActiveCfg = Release|Any CPU
		{5CC8F252-C4BA-4BB6-9BED-2EC62DF30EC4}.Release|Any CPU.Build.0 = Release|Any CPU
	EndGlobalSection
	GlobalSection(SolutionProperties) = preSolution
		HideSolutionNode = FALSE
	EndGlobalSection
	GlobalSection(ExtensibilityGlobals) = postSolution
		SolutionGuid = {EA676047-10FA-4D1F-8594-2A9EDAD36DE0}
	EndGlobalSection
EndGlobal
